
Microsoft Visual Studio Solution File, Format Version 12.00
# Visual Studio 15
VisualStudioVersion = 15.0.27428.2011
MinimumVisualStudioVersion = 10.0.40219.1
Project("{FAE04EC0-301F-11D3-BF4B-00C04F79EFBC}") = "20180503", "20180503\20180503.csproj", "{07B53609-F762-48AB-B5CC-77F1BF57D0F5}"
EndProject
Global
	GlobalSection(SolutionConfigurationPlatforms) = preSolution
		Debug|Any CPU = Debug|Any CPU
		Release|Any CPU = Release|Any CPU
	EndGlobalSection
	GlobalSection(ProjectConfigurationPlatforms) = postSolution
		{07B53609-F762-48AB-B5CC-77F1BF57D0F5}.Debug|Any CPU.ActiveCfg = Debug|Any CPU
		{07B53609-F762-48AB-B5CC-77F1BF57D0F5}.Debug|Any CPU.Build.0 = Debug|Any CPU
		{07B53609-F762-48AB-B5CC-77F1BF57D0F5}.Release|Any CPU.ActiveCfg = Release|Any CPU
		{07B53609-F762-48AB-B5CC-77F1BF57D0F5}.Release|Any CPU.Build.0 = Release|Any CPU
	EndGlobalSection
	GlobalSection(SolutionProperties) = preSolution
		HideSolutionNode = FALSE
	EndGlobalSection
	GlobalSection(ExtensibilityGlobals) = postSolution
		SolutionGuid = {4FE721C8-3EAF-4AA3-83DC-85B5110EA5CE}
	EndGlobalSection
EndGlobal
